// !$*UTF8*$!
{
	archiveVersion = 1;
	classes = {
	};
	objectVersion = 56;
	objects = {

/* Begin PBXBuildFile section */
		AF174A64299E88BB00025C4F /* AppDelegate.swift in Sources */ = {isa = PBXBuildFile; fileRef = AF174A63299E88BB00025C4F /* AppDelegate.swift */; };
		AF174A66299E88BB00025C4F /* SceneDelegate.swift in Sources */ = {isa = PBXBuildFile; fileRef = AF174A65299E88BB00025C4F /* SceneDelegate.swift */; };
		AF174A68299E88BB00025C4F /* ViewController.swift in Sources */ = {isa = PBXBuildFile; fileRef = AF174A67299E88BB00025C4F /* ViewController.swift */; };
		AF174A6B299E88BB00025C4F /* Main.storyboard in Resources */ = {isa = PBXBuildFile; fileRef = AF174A69299E88BB00025C4F /* Main.storyboard */; };
		AF174A6D299E88BD00025C4F /* Assets.xcassets in Resources */ = {isa = PBXBuildFile; fileRef = AF174A6C299E88BD00025C4F /* Assets.xcassets */; };
		AF174A70299E88BD00025C4F /* LaunchScreen.storyboard in Resources */ = {isa = PBXBuildFile; fileRef = AF174A6E299E88BD00025C4F /* LaunchScreen.storyboard */; };
		AF174A79299E88E100025C4F /* HttpClient.swift in Sources */ = {isa = PBXBuildFile; fileRef = AF174A78299E88E100025C4F /* HttpClient.swift */; };
		AF174A7C299E893400025C4F /* Alamofire in Frameworks */ = {isa = PBXBuildFile; productRef = AF174A7B299E893400025C4F /* Alamofire */; };
		AF174A7F299E8B0500025C4F /* SwiftyJSON in Frameworks */ = {isa = PBXBuildFile; productRef = AF174A7E299E8B0500025C4F /* SwiftyJSON */; };
		AF174A82299E8E7300025C4F /* Model.swift in Sources */ = {isa = PBXBuildFile; fileRef = AF174A81299E8E7300025C4F /* Model.swift */; };
		AF174A84299E99D000025C4F /* Usage Example.swift in Sources */ = {isa = PBXBuildFile; fileRef = AF174A83299E99D000025C4F /* Usage Example.swift */; };
		AF174A86299E9C7700025C4F /* NetworkError.swift in Sources */ = {isa = PBXBuildFile; fileRef = AF174A85299E9C7700025C4F /* NetworkError.swift */; };
/* End PBXBuildFile section */

/* Begin PBXFileReference section */
		AF174A60299E88BB00025C4F /* Sample HttpClient.app */ = {isa = PBXFileReference; explicitFileType = wrapper.application; includeInIndex = 0; path = "Sample HttpClient.app"; sourceTree = BUILT_PRODUCTS_DIR; };
		AF174A63299E88BB00025C4F /* AppDelegate.swift */ = {isa = PBXFileReference; lastKnownFileType = sourcecode.swift; path = AppDelegate.swift; sourceTree = "<group>"; };
		AF174A65299E88BB00025C4F /* SceneDelegate.swift */ = {isa = PBXFileReference; lastKnownFileType = sourcecode.swift; path = SceneDelegate.swift; sourceTree = "<group>"; };
		AF174A67299E88BB00025C4F /* ViewController.swift */ = {isa = PBXFileReference; lastKnownFileType = sourcecode.swift; path = ViewController.swift; sourceTree = "<group>"; };
		AF174A6A299E88BB00025C4F /* Base */ = {isa = PBXFileReference; lastKnownFileType = file.storyboard; name = Base; path = Base.lproj/Main.storyboard; sourceTree = "<group>"; };
		AF174A6C299E88BD00025C4F /* Assets.xcassets */ = {isa = PBXFileReference; lastKnownFileType = folder.assetcatalog; path = Assets.xcassets; sourceTree = "<group>"; };
		AF174A6F299E88BD00025C4F /* Base */ = {isa = PBXFileReference; lastKnownFileType = file.storyboard; name = Base; path = Base.lproj/LaunchScreen.storyboard; sourceTree = "<group>"; };
		AF174A71299E88BD00025C4F /* Info.plist */ = {isa = PBXFileReference; lastKnownFileType = text.plist.xml; path = Info.plist; sourceTree = "<group>"; };
		AF174A78299E88E100025C4F /* HttpClient.swift */ = {isa = PBXFileReference; lastKnownFileType = sourcecode.swift; path = HttpClient.swift; sourceTree = "<group>"; };
		AF174A81299E8E7300025C4F /* Model.swift */ = {isa = PBXFileReference; lastKnownFileType = sourcecode.swift; path = Model.swift; sourceTree = "<group>"; };
		AF174A83299E99D000025C4F /* Usage Example.swift */ = {isa = PBXFileReference; lastKnownFileType = sourcecode.swift; path = "Usage Example.swift"; sourceTree = "<group>"; };
		AF174A85299E9C7700025C4F /* NetworkError.swift */ = {isa = PBXFileReference; lastKnownFileType = sourcecode.swift; path = NetworkError.swift; sourceTree = "<group>"; };
/* End PBXFileReference section */

/* Begin PBXFrameworksBuildPhase section */
		AF174A5D299E88BB00025C4F /* Frameworks */ = {
			isa = PBXFrameworksBuildPhase;
			buildActionMask = 2147483647;
			files = (
				AF174A7F299E8B0500025C4F /* SwiftyJSON in Frameworks */,
				AF174A7C299E893400025C4F /* Alamofire in Frameworks */,
			);
			runOnlyForDeploymentPostprocessing = 0;
		};
/* End PBXFrameworksBuildPhase section */

/* Begin PBXGroup section */
		AF174A57299E88BB00025C4F = {
			isa = PBXGroup;
			children = (
				AF174A62299E88BB00025C4F /* Sample HttpClient */,
				AF174A61299E88BB00025C4F /* Products */,
			);
			sourceTree = "<group>";
		};
		AF174A61299E88BB00025C4F /* Products */ = {
			isa = PBXGroup;
			children = (
				AF174A60299E88BB00025C4F /* Sample HttpClient.app */,
			);
			name = Products;
			sourceTree = "<group>";
		};
		AF174A62299E88BB00025C4F /* Sample HttpClient */ = {
			isa = PBXGroup;
			children = (
				AF174A80299E8E6A00025C4F /* Model */,
				AF174A77299E88C900025C4F /* Utilities */,
				AF174A63299E88BB00025C4F /* AppDelegate.swift */,
				AF174A65299E88BB00025C4F /* SceneDelegate.swift */,
				AF174A67299E88BB00025C4F /* ViewController.swift */,
				AF174A69299E88BB00025C4F /* Main.storyboard */,
				AF174A6C299E88BD00025C4F /* Assets.xcassets */,
				AF174A6E299E88BD00025C4F /* LaunchScreen.storyboard */,
				AF174A71299E88BD00025C4F /* Info.plist */,
				AF174A83299E99D000025C4F /* Usage Example.swift */,
			);
			path = "Sample HttpClient";
			sourceTree = "<group>";
		};
		AF174A77299E88C900025C4F /* Utilities */ = {
			isa = PBXGroup;
			children = (
				AF174A78299E88E100025C4F /* HttpClient.swift */,
				AF174A85299E9C7700025C4F /* NetworkError.swift */,
			);
			path = Utilities;
			sourceTree = "<group>";
		};
		AF174A80299E8E6A00025C4F /* Model */ = {
			isa = PBXGroup;
			children = (
				AF174A81299E8E7300025C4F /* Model.swift */,
			);
			path = Model;
			sourceTree = "<group>";
		};
/* End PBXGroup section */

/* Begin PBXNativeTarget section */
		AF174A5F299E88BB00025C4F /* Sample HttpClient */ = {
			isa = PBXNativeTarget;
			buildConfigurationList = AF174A74299E88BD00025C4F /* Build configuration list for PBXNativeTarget "Sample HttpClient" */;
			buildPhases = (
				AF174A5C299E88BB00025C4F /* Sources */,
				AF174A5D299E88BB00025C4F /* Frameworks */,
				AF174A5E299E88BB00025C4F /* Resources */,
			);
			buildRules = (
			);
			dependencies = (
			);
			name = "Sample HttpClient";
			packageProductDependencies = (
				AF174A7B299E893400025C4F /* Alamofire */,
				AF174A7E299E8B0500025C4F /* SwiftyJSON */,
			);
			productName = "Sample HttpClient";
			productReference = AF174A60299E88BB00025C4F /* Sample HttpClient.app */;
			productType = "com.apple.product-type.application";
		};
/* End PBXNativeTarget section */

/* Begin PBXProject section */
		AF174A58299E88BB00025C4F /* Project object */ = {
			isa = PBXProject;
			attributes = {
				BuildIndependentTargetsInParallel = 1;
				LastSwiftUpdateCheck = 1410;
				LastUpgradeCheck = 1410;
				TargetAttributes = {
					AF174A5F299E88BB00025C4F = {
						CreatedOnToolsVersion = 14.1;
					};
				};
			};
			buildConfigurationList = AF174A5B299E88BB00025C4F /* Build configuration list for PBXProject "Sample HttpClient" */;
			compatibilityVersion = "Xcode 14.0";
			developmentRegion = en;
			hasScannedForEncodings = 0;
			knownRegions = (
				en,
				Base,
			);
			mainGroup = AF174A57299E88BB00025C4F;
			packageReferences = (
				AF174A7A299E893400025C4F /* XCRemoteSwiftPackageReference "Alamofire" */,
				AF174A7D299E8B0500025C4F /* XCRemoteSwiftPackageReference "SwiftyJSON" */,
			);
			productRefGroup = AF174A61299E88BB00025C4F /* Products */;
			projectDirPath = "";
			projectRoot = "";
			targets = (
				AF174A5F299E88BB00025C4F /* Sample HttpClient */,
			);
		};
/* End PBXProject section */

/* Begin PBXResourcesBuildPhase section */
		AF174A5E299E88BB00025C4F /* Resources */ = {
			isa = PBXResourcesBuildPhase;
			buildActionMask = 2147483647;
			files = (
				AF174A70299E88BD00025C4F /* LaunchScreen.storyboard in Resources */,
				AF174A6D299E88BD00025C4F /* Assets.xcassets in Resources */,
				AF174A6B299E88BB00025C4F /* Main.storyboard in Resources */,
			);
			runOnlyForDeploymentPostprocessing = 0;
		};
/* End PBXResourcesBuildPhase section */

/* Begin PBXSourcesBuildPhase section */
		AF174A5C299E88BB00025C4F /* Sources */ = {
			isa = PBXSourcesBuildPhase;
			buildActionMask = 2147483647;
			files = (
				AF174A82299E8E7300025C4F /* Model.swift in Sources */,
				AF174A86299E9C7700025C4F /* NetworkError.swift in Sources */,
				AF174A68299E88BB00025C4F /* ViewController.swift in Sources */,
				AF174A64299E88BB00025C4F /* AppDelegate.swift in Sources */,
				AF174A84299E99D000025C4F /* Usage Example.swift in Sources */,
				AF174A79299E88E100025C4F /* HttpClient.swift in Sources */,
				AF174A66299E88BB00025C4F /* SceneDelegate.swift in Sources */,
			);
			runOnlyForDeploymentPostprocessing = 0;
		};
/* End PBXSourcesBuildPhase section */

/* Begin PBXVariantGroup section */
		AF174A69299E88BB00025C4F /* Main.storyboard */ = {
			isa = PBXVariantGroup;
			children = (
				AF174A6A299E88BB00025C4F /* Base */,
			);
			name = Main.storyboard;
			sourceTree = "<group>";
		};
		AF174A6E299E88BD00025C4F /* LaunchScreen.storyboard */ = {
			isa = PBXVariantGroup;
			children = (
				AF174A6F299E88BD00025C4F /* Base */,
			);
			name = LaunchScreen.storyboard;
			sourceTree = "<group>";
		};
/* End PBXVariantGroup section */

/* Begin XCBuildConfiguration section */
		AF174A72299E88BD00025C4F /* Debug */ = {
			isa = XCBuildConfiguration;
			buildSettings = {
				ALWAYS_SEARCH_USER_PATHS = NO;
				CLANG_ANALYZER_NONNULL = YES;
				CLANG_ANALYZER_NUMBER_OBJECT_CONVERSION = YES_AGGRESSIVE;
				CLANG_CXX_LANGUAGE_STANDARD = "gnu++20";
				CLANG_ENABLE_MODULES = YES;
				CLANG_ENABLE_OBJC_ARC = YES;
				CLANG_ENABLE_OBJC_WEAK = YES;
				CLANG_WARN_BLOCK_CAPTURE_AUTORELEASING = YES;
				CLANG_WARN_BOOL_CONVERSION = YES;
				CLANG_WARN_COMMA = YES;
				CLANG_WARN_CONSTANT_CONVERSION = YES;
				CLANG_WARN_DEPRECATED_OBJC_IMPLEMENTATIONS = YES;
				CLANG_WARN_DIRECT_OBJC_ISA_USAGE = YES_ERROR;
				CLANG_WARN_DOCUMENTATION_COMMENTS = YES;
				CLANG_WARN_EMPTY_BODY = YES;
				CLANG_WARN_ENUM_CONVERSION = YES;
				CLANG_WARN_INFINITE_RECURSION = YES;
				CLANG_WARN_INT_CONVERSION = YES;
				CLANG_WARN_NON_LITERAL_NULL_CONVERSION = YES;
				CLANG_WARN_OBJC_IMPLICIT_RETAIN_SELF = YES;
				CLANG_WARN_OBJC_LITERAL_CONVERSION = YES;
				CLANG_WARN_OBJC_ROOT_CLASS = YES_ERROR;
				CLANG_WARN_QUOTED_INCLUDE_IN_FRAMEWORK_HEADER = YES;
				CLANG_WARN_RANGE_LOOP_ANALYSIS = YES;
				CLANG_WARN_STRICT_PROTOTYPES = YES;
				CLANG_WARN_SUSPICIOUS_MOVE = YES;
				CLANG_WARN_UNGUARDED_AVAILABILITY = YES_AGGRESSIVE;
				CLANG_WARN_UNREACHABLE_CODE = YES;
				CLANG_WARN__DUPLICATE_METHOD_MATCH = YES;
				COPY_PHASE_STRIP = NO;
				DEBUG_INFORMATION_FORMAT = dwarf;
				ENABLE_STRICT_OBJC_MSGSEND = YES;
				ENABLE_TESTABILITY = YES;
				GCC_C_LANGUAGE_STANDARD = gnu11;
				GCC_DYNAMIC_NO_PIC = NO;
				GCC_NO_COMMON_BLOCKS = YES;
				GCC_OPTIMIZATION_LEVEL = 0;
				GCC_PREPROCESSOR_DEFINITIONS = (
					"DEBUG=1",
					"$(inherited)",
				);
				GCC_WARN_64_TO_32_BIT_CONVERSION = YES;
				GCC_WARN_ABOUT_RETURN_TYPE = YES_ERROR;
				GCC_WARN_UNDECLARED_SELECTOR = YES;
				GCC_WARN_UNINITIALIZED_AUTOS = YES_AGGRESSIVE;
				GCC_WARN_UNUSED_FUNCTION = YES;
				GCC_WARN_UNUSED_VARIABLE = YES;
				IPHONEOS_DEPLOYMENT_TARGET = 16.1;
				MTL_ENABLE_DEBUG_INFO = INCLUDE_SOURCE;
				MTL_FAST_MATH = YES;
				ONLY_ACTIVE_ARCH = YES;
				SDKROOT = iphoneos;
				SWIFT_ACTIVE_COMPILATION_CONDITIONS = DEBUG;
				SWIFT_OPTIMIZATION_LEVEL = "-Onone";
			};
			name = Debug;
		};
		AF174A73299E88BD00025C4F /* Release */ = {
			isa = XCBuildConfiguration;
			buildSettings = {
				ALWAYS_SEARCH_USER_PATHS = NO;
				CLANG_ANALYZER_NONNULL = YES;
				CLANG_ANALYZER_NUMBER_OBJECT_CONVERSION = YES_AGGRESSIVE;
				CLANG_CXX_LANGUAGE_STANDARD = "gnu++20";
				CLANG_ENABLE_MODULES = YES;
				CLANG_ENABLE_OBJC_ARC = YES;
				CLANG_ENABLE_OBJC_WEAK = YES;
				CLANG_WARN_BLOCK_CAPTURE_AUTORELEASING = YES;
				CLANG_WARN_BOOL_CONVERSION = YES;
				CLANG_WARN_COMMA = YES;
				CLANG_WARN_CONSTANT_CONVERSION = YES;
				CLANG_WARN_DEPRECATED_OBJC_IMPLEMENTATIONS = YES;
				CLANG_WARN_DIRECT_OBJC_ISA_USAGE = YES_ERROR;
				CLANG_WARN_DOCUMENTATION_COMMENTS = YES;
				CLANG_WARN_EMPTY_BODY = YES;
				CLANG_WARN_ENUM_CONVERSION = YES;
				CLANG_WARN_INFINITE_RECURSION = YES;
				CLANG_WARN_INT_CONVERSION = YES;
				CLANG_WARN_NON_LITERAL_NULL_CONVERSION = YES;
				CLANG_WARN_OBJC_IMPLICIT_RETAIN_SELF = YES;
				CLANG_WARN_OBJC_LITERAL_CONVERSION = YES;
				CLANG_WARN_OBJC_ROOT_CLASS = YES_ERROR;
				CLANG_WARN_QUOTED_INCLUDE_IN_FRAMEWORK_HEADER = YES;
				CLANG_WARN_RANGE_LOOP_ANALYSIS = YES;
				CLANG_WARN_STRICT_PROTOTYPES = YES;
				CLANG_WARN_SUSPICIOUS_MOVE = YES;
				CLANG_WARN_UNGUARDED_AVAILABILITY = YES_AGGRESSIVE;
				CLANG_WARN_UNREACHABLE_CODE = YES;
				CLANG_WARN__DUPLICATE_METHOD_MATCH = YES;
				COPY_PHASE_STRIP = NO;
				DEBUG_INFORMATION_FORMAT = "dwarf-with-dsym";
				ENABLE_NS_ASSERTIONS = NO;
				ENABLE_STRICT_OBJC_MSGSEND = YES;
				GCC_C_LANGUAGE_STANDARD = gnu11;
				GCC_NO_COMMON_BLOCKS = YES;
				GCC_WARN_64_TO_32_BIT_CONVERSION = YES;
				GCC_WARN_ABOUT_RETURN_TYPE = YES_ERROR;
				GCC_WARN_UNDECLARED_SELECTOR = YES;
				GCC_WARN_UNINITIALIZED_AUTOS = YES_AGGRESSIVE;
				GCC_WARN_UNUSED_FUNCTION = YES;
				GCC_WARN_UNUSED_VARIABLE = YES;
				IPHONEOS_DEPLOYMENT_TARGET = 16.1;
				MTL_ENABLE_DEBUG_INFO = NO;
				MTL_FAST_MATH = YES;
				SDKROOT = iphoneos;
				SWIFT_COMPILATION_MODE = wholemodule;
				SWIFT_OPTIMIZATION_LEVEL = "-O";
				VALIDATE_PRODUCT = YES;
			};
			name = Release;
		};
		AF174A75299E88BD00025C4F /* Debug */ = {
			isa = XCBuildConfiguration;
			buildSettings = {
				ASSETCATALOG_COMPILER_APPICON_NAME = AppIcon;
				ASSETCATALOG_COMPILER_GLOBAL_ACCENT_COLOR_NAME = AccentColor;
				CODE_SIGN_STYLE = Automatic;
				CURRENT_PROJECT_VERSION = 1;
				DEVELOPMENT_TEAM = 7LB3AU4D4Q;
				GENERATE_INFOPLIST_FILE = YES;
				INFOPLIST_FILE = "Sample HttpClient/Info.plist";
				INFOPLIST_KEY_UIApplicationSupportsIndirectInputEvents = YES;
				INFOPLIST_KEY_UILaunchStoryboardName = LaunchScreen;
				INFOPLIST_KEY_UIMainStoryboardFile = Main;
				INFOPLIST_KEY_UISupportedInterfaceOrientations_iPad = "UIInterfaceOrientationPortrait UIInterfaceOrientationPortraitUpsideDown UIInterfaceOrientationLandscapeLeft UIInterfaceOrientationLandscapeRight";
				INFOPLIST_KEY_UISupportedInterfaceOrientations_iPhone = "UIInterfaceOrientationPortrait UIInterfaceOrientationLandscapeLeft UIInterfaceOrientationLandscapeRight";
				LD_RUNPATH_SEARCH_PATHS = (
					"$(inherited)",
					"@executable_path/Frameworks",
				);
				MARKETING_VERSION = 1.0;
				PRODUCT_BUNDLE_IDENTIFIER = "rahulios.Sample-HttpClient";
				PRODUCT_NAME = "$(TARGET_NAME)";
				SWIFT_EMIT_LOC_STRINGS = YES;
				SWIFT_VERSION = 5.0;
				TARGETED_DEVICE_FAMILY = "1,2";
			};
			name = Debug;
		};
		AF174A76299E88BD00025C4F /* Release */ = {
			isa = XCBuildConfiguration;
			buildSettings = {
				ASSETCATALOG_COMPILER_APPICON_NAME = AppIcon;
				ASSETCATALOG_COMPILER_GLOBAL_ACCENT_COLOR_NAME = AccentColor;
				CODE_SIGN_STYLE = Automatic;
				CURRENT_PROJECT_VERSION = 1;
				DEVELOPMENT_TEAM = 7LB3AU4D4Q;
				GENERATE_INFOPLIST_FILE = YES;
				INFOPLIST_FILE = "Sample HttpClient/Info.plist";
				INFOPLIST_KEY_UIApplicationSupportsIndirectInputEvents = YES;
				INFOPLIST_KEY_UILaunchStoryboardName = LaunchScreen;
				INFOPLIST_KEY_UIMainStoryboardFile = Main;
				INFOPLIST_KEY_UISupportedInterfaceOrientations_iPad = "UIInterfaceOrientationPortrait UIInterfaceOrientationPortraitUpsideDown UIInterfaceOrientationLandscapeLeft UIInterfaceOrientationLandscapeRight";
				INFOPLIST_KEY_UISupportedInterfaceOrientations_iPhone = "UIInterfaceOrientationPortrait UIInterfaceOrientationLandscapeLeft UIInterfaceOrientationLandscapeRight";
				LD_RUNPATH_SEARCH_PATHS = (
					"$(inherited)",
					"@executable_path/Frameworks",
				);
				MARKETING_VERSION = 1.0;
				PRODUCT_BUNDLE_IDENTIFIER = "rahulios.Sample-HttpClient";
				PRODUCT_NAME = "$(TARGET_NAME)";
				SWIFT_EMIT_LOC_STRINGS = YES;
				SWIFT_VERSION = 5.0;
				TARGETED_DEVICE_FAMILY = "1,2";
			};
			name = Release;
		};
/* End XCBuildConfiguration section */

/* Begin XCConfigurationList section */
		AF174A5B299E88BB00025C4F /* Build configuration list for PBXProject "Sample HttpClient" */ = {
			isa = XCConfigurationList;
			buildConfigurations = (
				AF174A72299E88BD00025C4F /* Debug */,
				AF174A73299E88BD00025C4F /* Release */,
			);
			defaultConfigurationIsVisible = 0;
			defaultConfigurationName = Release;
		};
		AF174A74299E88BD00025C4F /* Build configuration list for PBXNativeTarget "Sample HttpClient" */ = {
			isa = XCConfigurationList;
			buildConfigurations = (
				AF174A75299E88BD00025C4F /* Debug */,
				AF174A76299E88BD00025C4F /* Release */,
			);
			defaultConfigurationIsVisible = 0;
			defaultConfigurationName = Release;
		};
/* End XCConfigurationList section */

/* Begin XCRemoteSwiftPackageReference section */
		AF174A7A299E893400025C4F /* XCRemoteSwiftPackageReference "Alamofire" */ = {
			isa = XCRemoteSwiftPackageReference;
			repositoryURL = "https://github.com/Alamofire/Alamofire.git";
			requirement = {
				kind = upToNextMajorVersion;
				minimumVersion = 5.6.1;
			};
		};
		AF174A7D299E8B0500025C4F /* XCRemoteSwiftPackageReference "SwiftyJSON" */ = {
			isa = XCRemoteSwiftPackageReference;
			repositoryURL = "https://github.com/SwiftyJSON/SwiftyJSON.git";
			requirement = {
				kind = upToNextMajorVersion;
				minimumVersion = 5.0.0;
			};
		};
/* End XCRemoteSwiftPackageReference section */

/* Begin XCSwiftPackageProductDependency section */
		AF174A7B299E893400025C4F /* Alamofire */ = {
			isa = XCSwiftPackageProductDependency;
			package = AF174A7A299E893400025C4F /* XCRemoteSwiftPackageReference "Alamofire" */;
			productName = Alamofire;
		};
		AF174A7E299E8B0500025C4F /* SwiftyJSON */ = {
			isa = XCSwiftPackageProductDependency;
			package = AF174A7D299E8B0500025C4F /* XCRemoteSwiftPackageReference "SwiftyJSON" */;
			productName = SwiftyJSON;
		};
/* End XCSwiftPackageProductDependency section */
	};
	rootObject = AF174A58299E88BB00025C4F /* Project object */;
}
